
Microsoft Visual Studio Solution File, Format Version 12.00
# Visual Studio Version 16
VisualStudioVersion = 16.0.30517.126
MinimumVisualStudioVersion = 10.0.40219.1
Project("{9A19103F-16F7-4668-BE54-9A1E7A4F7556}") = "SelfHelpTicketingSystem", "SelfHelpTicketingSystem.csproj", "{BC3359C0-1DC6-413C-B7DF-A3F60CD9E13B}"
EndProject
Project("{9A19103F-16F7-4668-BE54-9A1E7A4F7556}") = "DBTest", "..\..\..\..\..\DBTest\DBTest.csproj", "{38CADFEA-DB08-41E6-9D4F-CECA205110CF}"
EndProject
Project("{9A19103F-16F7-4668-BE54-9A1E7A4F7556}") = "Shts.Dal", "Shts.Dal\Shts.Dal.csproj", "{C8285139-49A3-4B97-85C6-63319B574FF7}"
EndProject
Project("{FAE04EC0-301F-11D3-BF4B-00C04F79EFBC}") = "Shts_Entities", "Shts_Entities\Shts_Entities.csproj", "{596C6976-B30C-4590-A41B-BCEBB5D265DC}"
EndProject
Project("{FAE04EC0-301F-11D3-BF4B-00C04F79EFBC}") = "Shts_Interfaces", "Shts_Interfaces\Shts_Interfaces.csproj", "{DC50F972-AF75-4C42-88DB-AF358077810A}"
EndProject
Project("{FAE04EC0-301F-11D3-BF4B-00C04F79EFBC}") = "Shts_Factories", "Shts_Factories\Shts_Factories.csproj", "{2CE3DA11-C0A7-485E-8ECD-30A907ECE921}"
EndProject
Global
	GlobalSection(SolutionConfigurationPlatforms) = preSolution
		Debug|Any CPU = Debug|Any CPU
		Release|Any CPU = Release|Any CPU
	EndGlobalSection
	GlobalSection(ProjectConfigurationPlatforms) = postSolution
		{BC3359C0-1DC6-413C-B7DF-A3F60CD9E13B}.Debug|Any CPU.ActiveCfg = Debug|Any CPU
		{BC3359C0-1DC6-413C-B7DF-A3F60CD9E13B}.Debug|Any CPU.Build.0 = Debug|Any CPU
		{BC3359C0-1DC6-413C-B7DF-A3F60CD9E13B}.Release|Any CPU.ActiveCfg = Release|Any CPU
		{BC3359C0-1DC6-413C-B7DF-A3F60CD9E13B}.Release|Any CPU.Build.0 = Release|Any CPU
		{38CADFEA-DB08-41E6-9D4F-CECA205110CF}.Debug|Any CPU.ActiveCfg = Debug|Any CPU
		{38CADFEA-DB08-41E6-9D4F-CECA205110CF}.Debug|Any CPU.Build.0 = Debug|Any CPU
		{38CADFEA-DB08-41E6-9D4F-CECA205110CF}.Release|Any CPU.ActiveCfg = Release|Any CPU
		{38CADFEA-DB08-41E6-9D4F-CECA205110CF}.Release|Any CPU.Build.0 = Release|Any CPU
		{C8285139-49A3-4B97-85C6-63319B574FF7}.Debug|Any CPU.ActiveCfg = Debug|Any CPU
		{C8285139-49A3-4B97-85C6-63319B574FF7}.Debug|Any CPU.Build.0 = Debug|Any CPU
		{C8285139-49A3-4B97-85C6-63319B574FF7}.Release|Any CPU.ActiveCfg = Release|Any CPU
		{C8285139-49A3-4B97-85C6-63319B574FF7}.Release|Any CPU.Build.0 = Release|Any CPU
		{596C6976-B30C-4590-A41B-BCEBB5D265DC}.Debug|Any CPU.ActiveCfg = Debug|Any CPU
		{596C6976-B30C-4590-A41B-BCEBB5D265DC}.Debug|Any CPU.Build.0 = Debug|Any CPU
		{596C6976-B30C-4590-A41B-BCEBB5D265DC}.Release|Any CPU.ActiveCfg = Release|Any CPU
		{596C6976-B30C-4590-A41B-BCEBB5D265DC}.Release|Any CPU.Build.0 = Release|Any CPU
		{DC50F972-AF75-4C42-88DB-AF358077810A}.Debug|Any CPU.ActiveCfg = Debug|Any CPU
		{DC50F972-AF75-4C42-88DB-AF358077810A}.Debug|Any CPU.Build.0 = Debug|Any CPU
		{DC50F972-AF75-4C42-88DB-AF358077810A}.Release|Any CPU.ActiveCfg = Release|Any CPU
		{DC50F972-AF75-4C42-88DB-AF358077810A}.Release|Any CPU.Build.0 = Release|Any CPU
		{2CE3DA11-C0A7-485E-8ECD-30A907ECE921}.Debug|Any CPU.ActiveCfg = Debug|Any CPU
		{2CE3DA11-C0A7-485E-8ECD-30A907ECE921}.Debug|Any CPU.Build.0 = Debug|Any CPU
		{2CE3DA11-C0A7-485E-8ECD-30A907ECE921}.Release|Any CPU.ActiveCfg = Release|Any CPU
		{2CE3DA11-C0A7-485E-8ECD-30A907ECE921}.Release|Any CPU.Build.0 = Release|Any CPU
	EndGlobalSection
	GlobalSection(SolutionProperties) = preSolution
		HideSolutionNode = FALSE
	EndGlobalSection
	GlobalSection(ExtensibilityGlobals) = postSolution
		SolutionGuid = {24283C7C-BF56-45B2-A562-42135BBD16F9}
	EndGlobalSection
EndGlobal
